
Microsoft Visual Studio Solution File, Format Version 12.00
# Visual Studio Version 17
VisualStudioVersion = 17.9.34902.65
MinimumVisualStudioVersion = 10.0.40219.1
Project("{2150E333-8FDC-42A3-9474-1A3956D46DE8}") = "Services", "Services", "{E04346E3-D702-4D29-85AE-C9E5F2D5267D}"
EndProject
Project("{2150E333-8FDC-42A3-9474-1A3956D46DE8}") = "Catalog", "Catalog", "{BEF340BE-2CD9-4E12-8459-C8B945E11263}"
EndProject
Project("{9A19103F-16F7-4668-BE54-9A1E7A4F7556}") = "MultiShop.Catalog", "Services\Catalog\MultiShop.Catalog\MultiShop.Catalog.csproj", "{455721CA-9677-459C-8678-A61B5EE248E9}"
EndProject
Project("{2150E333-8FDC-42A3-9474-1A3956D46DE8}") = "Discount", "Discount", "{38584DF3-1598-4A76-B34C-EEBAA16E98CD}"
EndProject
Project("{9A19103F-16F7-4668-BE54-9A1E7A4F7556}") = "MultiShop.Discount", "Services\Discount\MultiShop.Discount\MultiShop.Discount.csproj", "{5CE13EFB-E303-478A-9835-C629105D2F7F}"
EndProject
Project("{2150E333-8FDC-42A3-9474-1A3956D46DE8}") = "Order", "Order", "{5D93439E-30FF-4A49-863F-E27F64C4166C}"
EndProject
Project("{2150E333-8FDC-42A3-9474-1A3956D46DE8}") = "Core", "Core", "{E680D39D-5C36-4366-9574-333FD40C88A4}"
EndProject
Project("{2150E333-8FDC-42A3-9474-1A3956D46DE8}") = "Infrastructure", "Infrastructure", "{8F23BF83-7DCB-4257-BAFD-C4DA77EDA6AC}"
EndProject
Project("{2150E333-8FDC-42A3-9474-1A3956D46DE8}") = "Presentation", "Presentation", "{6834ACAC-17E2-4DFD-AED4-74B9F3FACD63}"
EndProject
Project("{9A19103F-16F7-4668-BE54-9A1E7A4F7556}") = "MultiShop.Order.Domain", "Services\Order\Core\MultiShop.Order.Domain\MultiShop.Order.Domain.csproj", "{10CB675D-9181-4932-A9A4-084CCB484B53}"
EndProject
Project("{9A19103F-16F7-4668-BE54-9A1E7A4F7556}") = "MultiShop.Order.Application", "Services\Order\Core\MultiShop.Order.Application\MultiShop.Order.Application.csproj", "{FCE28BF2-6C0B-47BB-B34D-9FD1A81CE5D4}"
EndProject
Project("{9A19103F-16F7-4668-BE54-9A1E7A4F7556}") = "MultiShop.Order.Persistance", "Services\Order\Infrastructure\MultiShop.Order.Persistance\MultiShop.Order.Persistance.csproj", "{89193C9A-4EEF-485A-86F4-4D3C41F5F304}"
EndProject
Project("{9A19103F-16F7-4668-BE54-9A1E7A4F7556}") = "MutlShop.Order.WebApi", "Services\Order\Presentation\MutlShop.Order.WebApi\MutlShop.Order.WebApi.csproj", "{DE3456AF-93CA-4944-ADFD-2DE2BBEF894C}"
EndProject
Project("{2150E333-8FDC-42A3-9474-1A3956D46DE8}") = "IdentityServer", "IdentityServer", "{40DDD284-D6A2-4052-BF38-6D9D5048C972}"
EndProject
Project("{9A19103F-16F7-4668-BE54-9A1E7A4F7556}") = "MultiShop.IdentityServer", "IdentityServer\MultiShop.IdentityServer\MultiShop.IdentityServer.csproj", "{AD5272FF-5CB0-4072-AC9D-F281706D41A9}"
EndProject
Project("{2150E333-8FDC-42A3-9474-1A3956D46DE8}") = "Requirements", "Requirements", "{3FFE3860-0D4D-4AF8-AD8A-FFE4AD6A60E8}"
	ProjectSection(SolutionItems) = preProject
		IdentityServerVersionSolution.txt = IdentityServerVersionSolution.txt
		PortainerCmd.txt = PortainerCmd.txt
	EndProjectSection
EndProject
Global
	GlobalSection(SolutionConfigurationPlatforms) = preSolution
		Debug|Any CPU = Debug|Any CPU
		Release|Any CPU = Release|Any CPU
	EndGlobalSection
	GlobalSection(ProjectConfigurationPlatforms) = postSolution
		{455721CA-9677-459C-8678-A61B5EE248E9}.Debug|Any CPU.ActiveCfg = Debug|Any CPU
		{455721CA-9677-459C-8678-A61B5EE248E9}.Debug|Any CPU.Build.0 = Debug|Any CPU
		{455721CA-9677-459C-8678-A61B5EE248E9}.Release|Any CPU.ActiveCfg = Release|Any CPU
		{455721CA-9677-459C-8678-A61B5EE248E9}.Release|Any CPU.Build.0 = Release|Any CPU
		{5CE13EFB-E303-478A-9835-C629105D2F7F}.Debug|Any CPU.ActiveCfg = Debug|Any CPU
		{5CE13EFB-E303-478A-9835-C629105D2F7F}.Debug|Any CPU.Build.0 = Debug|Any CPU
		{5CE13EFB-E303-478A-9835-C629105D2F7F}.Release|Any CPU.ActiveCfg = Release|Any CPU
		{5CE13EFB-E303-478A-9835-C629105D2F7F}.Release|Any CPU.Build.0 = Release|Any CPU
		{10CB675D-9181-4932-A9A4-084CCB484B53}.Debug|Any CPU.ActiveCfg = Debug|Any CPU
		{10CB675D-9181-4932-A9A4-084CCB484B53}.Debug|Any CPU.Build.0 = Debug|Any CPU
		{10CB675D-9181-4932-A9A4-084CCB484B53}.Release|Any CPU.ActiveCfg = Release|Any CPU
		{10CB675D-9181-4932-A9A4-084CCB484B53}.Release|Any CPU.Build.0 = Release|Any CPU
		{FCE28BF2-6C0B-47BB-B34D-9FD1A81CE5D4}.Debug|Any CPU.ActiveCfg = Debug|Any CPU
		{FCE28BF2-6C0B-47BB-B34D-9FD1A81CE5D4}.Debug|Any CPU.Build.0 = Debug|Any CPU
		{FCE28BF2-6C0B-47BB-B34D-9FD1A81CE5D4}.Release|Any CPU.ActiveCfg = Release|Any CPU
		{FCE28BF2-6C0B-47BB-B34D-9FD1A81CE5D4}.Release|Any CPU.Build.0 = Release|Any CPU
		{89193C9A-4EEF-485A-86F4-4D3C41F5F304}.Debug|Any CPU.ActiveCfg = Debug|Any CPU
		{89193C9A-4EEF-485A-86F4-4D3C41F5F304}.Debug|Any CPU.Build.0 = Debug|Any CPU
		{89193C9A-4EEF-485A-86F4-4D3C41F5F304}.Release|Any CPU.ActiveCfg = Release|Any CPU
		{89193C9A-4EEF-485A-86F4-4D3C41F5F304}.Release|Any CPU.Build.0 = Release|Any CPU
		{DE3456AF-93CA-4944-ADFD-2DE2BBEF894C}.Debug|Any CPU.ActiveCfg = Debug|Any CPU
		{DE3456AF-93CA-4944-ADFD-2DE2BBEF894C}.Debug|Any CPU.Build.0 = Debug|Any CPU
		{DE3456AF-93CA-4944-ADFD-2DE2BBEF894C}.Release|Any CPU.ActiveCfg = Release|Any CPU
		{DE3456AF-93CA-4944-ADFD-2DE2BBEF894C}.Release|Any CPU.Build.0 = Release|Any CPU
		{AD5272FF-5CB0-4072-AC9D-F281706D41A9}.Debug|Any CPU.ActiveCfg = Debug|Any CPU
		{AD5272FF-5CB0-4072-AC9D-F281706D41A9}.Debug|Any CPU.Build.0 = Debug|Any CPU
		{AD5272FF-5CB0-4072-AC9D-F281706D41A9}.Release|Any CPU.ActiveCfg = Release|Any CPU
		{AD5272FF-5CB0-4072-AC9D-F281706D41A9}.Release|Any CPU.Build.0 = Release|Any CPU
	EndGlobalSection
	GlobalSection(SolutionProperties) = preSolution
		HideSolutionNode = FALSE
	EndGlobalSection
	GlobalSection(NestedProjects) = preSolution
		{BEF340BE-2CD9-4E12-8459-C8B945E11263} = {E04346E3-D702-4D29-85AE-C9E5F2D5267D}
		{455721CA-9677-459C-8678-A61B5EE248E9} = {BEF340BE-2CD9-4E12-8459-C8B945E11263}
		{38584DF3-1598-4A76-B34C-EEBAA16E98CD} = {E04346E3-D702-4D29-85AE-C9E5F2D5267D}
		{5CE13EFB-E303-478A-9835-C629105D2F7F} = {38584DF3-1598-4A76-B34C-EEBAA16E98CD}
		{5D93439E-30FF-4A49-863F-E27F64C4166C} = {E04346E3-D702-4D29-85AE-C9E5F2D5267D}
		{E680D39D-5C36-4366-9574-333FD40C88A4} = {5D93439E-30FF-4A49-863F-E27F64C4166C}
		{8F23BF83-7DCB-4257-BAFD-C4DA77EDA6AC} = {5D93439E-30FF-4A49-863F-E27F64C4166C}
		{6834ACAC-17E2-4DFD-AED4-74B9F3FACD63} = {5D93439E-30FF-4A49-863F-E27F64C4166C}
		{10CB675D-9181-4932-A9A4-084CCB484B53} = {E680D39D-5C36-4366-9574-333FD40C88A4}
		{FCE28BF2-6C0B-47BB-B34D-9FD1A81CE5D4} = {E680D39D-5C36-4366-9574-333FD40C88A4}
		{89193C9A-4EEF-485A-86F4-4D3C41F5F304} = {8F23BF83-7DCB-4257-BAFD-C4DA77EDA6AC}
		{DE3456AF-93CA-4944-ADFD-2DE2BBEF894C} = {6834ACAC-17E2-4DFD-AED4-74B9F3FACD63}
		{AD5272FF-5CB0-4072-AC9D-F281706D41A9} = {40DDD284-D6A2-4052-BF38-6D9D5048C972}
	EndGlobalSection
	GlobalSection(ExtensibilityGlobals) = postSolution
		SolutionGuid = {08615E78-AA64-417C-907A-882F077FA652}
	EndGlobalSection
EndGlobal
